// !$*UTF8*$!
{
	archiveVersion = 1;
	classes = {
	};
	objectVersion = 52;
	objects = {

/* Begin PBXBuildFile section */
		95EBF4CD250BFF1400887F0C /* AppDelegate.swift in Sources */ = {isa = PBXBuildFile; fileRef = 95EBF4CC250BFF1400887F0C /* AppDelegate.swift */; };
		95EBF4D6250BFF1800887F0C /* Assets.xcassets in Resources */ = {isa = PBXBuildFile; fileRef = 95EBF4D5250BFF1800887F0C /* Assets.xcassets */; };
		95EBF4D9250BFF1800887F0C /* LaunchScreen.storyboard in Resources */ = {isa = PBXBuildFile; fileRef = 95EBF4D7250BFF1800887F0C /* LaunchScreen.storyboard */; };
		95EBF4E1250C047000887F0C /* DonatesListViewController.swift in Sources */ = {isa = PBXBuildFile; fileRef = 95EBF4E0250C047000887F0C /* DonatesListViewController.swift */; };
		95EBF4E5250C0C1900887F0C /* Colors.swift in Sources */ = {isa = PBXBuildFile; fileRef = 95EBF4E4250C0C1900887F0C /* Colors.swift */; };
		95EBF4E7250C0D1F00887F0C /* Strings.swift in Sources */ = {isa = PBXBuildFile; fileRef = 95EBF4E6250C0D1F00887F0C /* Strings.swift */; };
		95EBF4EA250C15E900887F0C /* SnapKit in Frameworks */ = {isa = PBXBuildFile; productRef = 95EBF4E9250C15E900887F0C /* SnapKit */; };
		95EBF4EC250C1B6800887F0C /* DonateTypeViewController.swift in Sources */ = {isa = PBXBuildFile; fileRef = 95EBF4EB250C1B6800887F0C /* DonateTypeViewController.swift */; };
		95EBF4EE250C1DA100887F0C /* Tappable.swift in Sources */ = {isa = PBXBuildFile; fileRef = 95EBF4ED250C1DA100887F0C /* Tappable.swift */; };
		95EBF4F0250C35F200887F0C /* UIView+Animation.swift in Sources */ = {isa = PBXBuildFile; fileRef = 95EBF4EF250C35F200887F0C /* UIView+Animation.swift */; };
		95EBF4F2250C360700887F0C /* Assembly.swift in Sources */ = {isa = PBXBuildFile; fileRef = 95EBF4F1250C360700887F0C /* Assembly.swift */; };
		95EBF4F4250C368A00887F0C /* DonateCreationViewController.swift in Sources */ = {isa = PBXBuildFile; fileRef = 95EBF4F3250C368A00887F0C /* DonateCreationViewController.swift */; };
/* End PBXBuildFile section */

/* Begin PBXFileReference section */
		95EBF4C9250BFF1400887F0C /* VKDonations.app */ = {isa = PBXFileReference; explicitFileType = wrapper.application; includeInIndex = 0; path = VKDonations.app; sourceTree = BUILT_PRODUCTS_DIR; };
		95EBF4CC250BFF1400887F0C /* AppDelegate.swift */ = {isa = PBXFileReference; lastKnownFileType = sourcecode.swift; path = AppDelegate.swift; sourceTree = "<group>"; };
		95EBF4D5250BFF1800887F0C /* Assets.xcassets */ = {isa = PBXFileReference; lastKnownFileType = folder.assetcatalog; path = Assets.xcassets; sourceTree = "<group>"; };
		95EBF4D8250BFF1800887F0C /* Base */ = {isa = PBXFileReference; lastKnownFileType = file.storyboard; name = Base; path = Base.lproj/LaunchScreen.storyboard; sourceTree = "<group>"; };
		95EBF4DA250BFF1800887F0C /* Info.plist */ = {isa = PBXFileReference; lastKnownFileType = text.plist.xml; path = Info.plist; sourceTree = "<group>"; };
		95EBF4E0250C047000887F0C /* DonatesListViewController.swift */ = {isa = PBXFileReference; fileEncoding = 4; lastKnownFileType = sourcecode.swift; path = DonatesListViewController.swift; sourceTree = "<group>"; };
		95EBF4E4250C0C1900887F0C /* Colors.swift */ = {isa = PBXFileReference; lastKnownFileType = sourcecode.swift; path = Colors.swift; sourceTree = "<group>"; };
		95EBF4E6250C0D1F00887F0C /* Strings.swift */ = {isa = PBXFileReference; lastKnownFileType = sourcecode.swift; path = Strings.swift; sourceTree = "<group>"; };
		95EBF4EB250C1B6800887F0C /* DonateTypeViewController.swift */ = {isa = PBXFileReference; lastKnownFileType = sourcecode.swift; path = DonateTypeViewController.swift; sourceTree = "<group>"; };
		95EBF4ED250C1DA100887F0C /* Tappable.swift */ = {isa = PBXFileReference; lastKnownFileType = sourcecode.swift; path = Tappable.swift; sourceTree = "<group>"; };
		95EBF4EF250C35F200887F0C /* UIView+Animation.swift */ = {isa = PBXFileReference; lastKnownFileType = sourcecode.swift; path = "UIView+Animation.swift"; sourceTree = "<group>"; };
		95EBF4F1250C360700887F0C /* Assembly.swift */ = {isa = PBXFileReference; lastKnownFileType = sourcecode.swift; path = Assembly.swift; sourceTree = "<group>"; };
		95EBF4F3250C368A00887F0C /* DonateCreationViewController.swift */ = {isa = PBXFileReference; lastKnownFileType = sourcecode.swift; path = DonateCreationViewController.swift; sourceTree = "<group>"; };
/* End PBXFileReference section */

/* Begin PBXFrameworksBuildPhase section */
		95EBF4C6250BFF1400887F0C /* Frameworks */ = {
			isa = PBXFrameworksBuildPhase;
			buildActionMask = 2147483647;
			files = (
				95EBF4EA250C15E900887F0C /* SnapKit in Frameworks */,
			);
			runOnlyForDeploymentPostprocessing = 0;
		};
/* End PBXFrameworksBuildPhase section */

/* Begin PBXGroup section */
		95EBF4C0250BFF1400887F0C = {
			isa = PBXGroup;
			children = (
				95EBF4CB250BFF1400887F0C /* VKDonations */,
				95EBF4CA250BFF1400887F0C /* Products */,
			);
			sourceTree = "<group>";
		};
		95EBF4CA250BFF1400887F0C /* Products */ = {
			isa = PBXGroup;
			children = (
				95EBF4C9250BFF1400887F0C /* VKDonations.app */,
			);
			name = Products;
			sourceTree = "<group>";
		};
		95EBF4CB250BFF1400887F0C /* VKDonations */ = {
			isa = PBXGroup;
			children = (
				95EBF4F5250C369000887F0C /* Views */,
				95EBF4D7250BFF1800887F0C /* LaunchScreen.storyboard */,
				95EBF4DA250BFF1800887F0C /* Info.plist */,
				95EBF4CC250BFF1400887F0C /* AppDelegate.swift */,
				95EBF4E3250C0AC700887F0C /* Extensions+Helpers */,
				95EBF4D5250BFF1800887F0C /* Assets.xcassets */,
				95EBF4F1250C360700887F0C /* Assembly.swift */,
			);
			path = VKDonations;
			sourceTree = "<group>";
		};
		95EBF4E3250C0AC700887F0C /* Extensions+Helpers */ = {
			isa = PBXGroup;
			children = (
				95EBF4E4250C0C1900887F0C /* Colors.swift */,
				95EBF4E6250C0D1F00887F0C /* Strings.swift */,
				95EBF4ED250C1DA100887F0C /* Tappable.swift */,
				95EBF4EF250C35F200887F0C /* UIView+Animation.swift */,
			);
			path = "Extensions+Helpers";
			sourceTree = "<group>";
		};
		95EBF4F5250C369000887F0C /* Views */ = {
			isa = PBXGroup;
			children = (
				95EBF4E0250C047000887F0C /* DonatesListViewController.swift */,
				95EBF4EB250C1B6800887F0C /* DonateTypeViewController.swift */,
				95EBF4F3250C368A00887F0C /* DonateCreationViewController.swift */,
			);
			path = Views;
			sourceTree = "<group>";
		};
/* End PBXGroup section */

/* Begin PBXNativeTarget section */
		95EBF4C8250BFF1400887F0C /* VKDonations */ = {
			isa = PBXNativeTarget;
			buildConfigurationList = 95EBF4DD250BFF1800887F0C /* Build configuration list for PBXNativeTarget "VKDonations" */;
			buildPhases = (
				95EBF4C5250BFF1400887F0C /* Sources */,
				95EBF4C6250BFF1400887F0C /* Frameworks */,
				95EBF4C7250BFF1400887F0C /* Resources */,
			);
			buildRules = (
			);
			dependencies = (
			);
			name = VKDonations;
			packageProductDependencies = (
				95EBF4E9250C15E900887F0C /* SnapKit */,
			);
			productName = VKDonations;
			productReference = 95EBF4C9250BFF1400887F0C /* VKDonations.app */;
			productType = "com.apple.product-type.application";
		};
/* End PBXNativeTarget section */

/* Begin PBXProject section */
		95EBF4C1250BFF1400887F0C /* Project object */ = {
			isa = PBXProject;
			attributes = {
				LastSwiftUpdateCheck = 1170;
				LastUpgradeCheck = 1170;
				ORGANIZATIONNAME = "Hanna Yakusevych";
				TargetAttributes = {
					95EBF4C8250BFF1400887F0C = {
						CreatedOnToolsVersion = 11.7;
					};
				};
			};
			buildConfigurationList = 95EBF4C4250BFF1400887F0C /* Build configuration list for PBXProject "VKDonations" */;
			compatibilityVersion = "Xcode 9.3";
			developmentRegion = en;
			hasScannedForEncodings = 0;
			knownRegions = (
				en,
				Base,
			);
			mainGroup = 95EBF4C0250BFF1400887F0C;
			packageReferences = (
				95EBF4E8250C15E900887F0C /* XCRemoteSwiftPackageReference "SnapKit" */,
			);
			productRefGroup = 95EBF4CA250BFF1400887F0C /* Products */;
			projectDirPath = "";
			projectRoot = "";
			targets = (
				95EBF4C8250BFF1400887F0C /* VKDonations */,
			);
		};
/* End PBXProject section */

/* Begin PBXResourcesBuildPhase section */
		95EBF4C7250BFF1400887F0C /* Resources */ = {
			isa = PBXResourcesBuildPhase;
			buildActionMask = 2147483647;
			files = (
				95EBF4D9250BFF1800887F0C /* LaunchScreen.storyboard in Resources */,
				95EBF4D6250BFF1800887F0C /* Assets.xcassets in Resources */,
			);
			runOnlyForDeploymentPostprocessing = 0;
		};
/* End PBXResourcesBuildPhase section */

/* Begin PBXSourcesBuildPhase section */
		95EBF4C5250BFF1400887F0C /* Sources */ = {
			isa = PBXSourcesBuildPhase;
			buildActionMask = 2147483647;
			files = (
				95EBF4CD250BFF1400887F0C /* AppDelegate.swift in Sources */,
				95EBF4F2250C360700887F0C /* Assembly.swift in Sources */,
				95EBF4E5250C0C1900887F0C /* Colors.swift in Sources */,
				95EBF4EE250C1DA100887F0C /* Tappable.swift in Sources */,
				95EBF4E7250C0D1F00887F0C /* Strings.swift in Sources */,
				95EBF4F4250C368A00887F0C /* DonateCreationViewController.swift in Sources */,
				95EBF4E1250C047000887F0C /* DonatesListViewController.swift in Sources */,
				95EBF4F0250C35F200887F0C /* UIView+Animation.swift in Sources */,
				95EBF4EC250C1B6800887F0C /* DonateTypeViewController.swift in Sources */,
			);
			runOnlyForDeploymentPostprocessing = 0;
		};
/* End PBXSourcesBuildPhase section */

/* Begin PBXVariantGroup section */
		95EBF4D7250BFF1800887F0C /* LaunchScreen.storyboard */ = {
			isa = PBXVariantGroup;
			children = (
				95EBF4D8250BFF1800887F0C /* Base */,
			);
			name = LaunchScreen.storyboard;
			sourceTree = "<group>";
		};
/* End PBXVariantGroup section */

/* Begin XCBuildConfiguration section */
		95EBF4DB250BFF1800887F0C /* Debug */ = {
			isa = XCBuildConfiguration;
			buildSettings = {
				ALWAYS_SEARCH_USER_PATHS = NO;
				CLANG_ANALYZER_NONNULL = YES;
				CLANG_ANALYZER_NUMBER_OBJECT_CONVERSION = YES_AGGRESSIVE;
				CLANG_CXX_LANGUAGE_STANDARD = "gnu++14";
				CLANG_CXX_LIBRARY = "libc++";
				CLANG_ENABLE_MODULES = YES;
				CLANG_ENABLE_OBJC_ARC = YES;
				CLANG_ENABLE_OBJC_WEAK = YES;
				CLANG_WARN_BLOCK_CAPTURE_AUTORELEASING = YES;
				CLANG_WARN_BOOL_CONVERSION = YES;
				CLANG_WARN_COMMA = YES;
				CLANG_WARN_CONSTANT_CONVERSION = YES;
				CLANG_WARN_DEPRECATED_OBJC_IMPLEMENTATIONS = YES;
				CLANG_WARN_DIRECT_OBJC_ISA_USAGE = YES_ERROR;
				CLANG_WARN_DOCUMENTATION_COMMENTS = YES;
				CLANG_WARN_EMPTY_BODY = YES;
				CLANG_WARN_ENUM_CONVERSION = YES;
				CLANG_WARN_INFINITE_RECURSION = YES;
				CLANG_WARN_INT_CONVERSION = YES;
				CLANG_WARN_NON_LITERAL_NULL_CONVERSION = YES;
				CLANG_WARN_OBJC_IMPLICIT_RETAIN_SELF = YES;
				CLANG_WARN_OBJC_LITERAL_CONVERSION = YES;
				CLANG_WARN_OBJC_ROOT_CLASS = YES_ERROR;
				CLANG_WARN_RANGE_LOOP_ANALYSIS = YES;
				CLANG_WARN_STRICT_PROTOTYPES = YES;
				CLANG_WARN_SUSPICIOUS_MOVE = YES;
				CLANG_WARN_UNGUARDED_AVAILABILITY = YES_AGGRESSIVE;
				CLANG_WARN_UNREACHABLE_CODE = YES;
				CLANG_WARN__DUPLICATE_METHOD_MATCH = YES;
				COPY_PHASE_STRIP = NO;
				DEBUG_INFORMATION_FORMAT = dwarf;
				ENABLE_STRICT_OBJC_MSGSEND = YES;
				ENABLE_TESTABILITY = YES;
				GCC_C_LANGUAGE_STANDARD = gnu11;
				GCC_DYNAMIC_NO_PIC = NO;
				GCC_NO_COMMON_BLOCKS = YES;
				GCC_OPTIMIZATION_LEVEL = 0;
				GCC_PREPROCESSOR_DEFINITIONS = (
					"DEBUG=1",
					"$(inherited)",
				);
				GCC_WARN_64_TO_32_BIT_CONVERSION = YES;
				GCC_WARN_ABOUT_RETURN_TYPE = YES_ERROR;
				GCC_WARN_UNDECLARED_SELECTOR = YES;
				GCC_WARN_UNINITIALIZED_AUTOS = YES_AGGRESSIVE;
				GCC_WARN_UNUSED_FUNCTION = YES;
				GCC_WARN_UNUSED_VARIABLE = YES;
				IPHONEOS_DEPLOYMENT_TARGET = 13.7;
				MTL_ENABLE_DEBUG_INFO = INCLUDE_SOURCE;
				MTL_FAST_MATH = YES;
				ONLY_ACTIVE_ARCH = YES;
				SDKROOT = iphoneos;
				SWIFT_ACTIVE_COMPILATION_CONDITIONS = DEBUG;
				SWIFT_OPTIMIZATION_LEVEL = "-Onone";
			};
			name = Debug;
		};
		95EBF4DC250BFF1800887F0C /* Release */ = {
			isa = XCBuildConfiguration;
			buildSettings = {
				ALWAYS_SEARCH_USER_PATHS = NO;
				CLANG_ANALYZER_NONNULL = YES;
				CLANG_ANALYZER_NUMBER_OBJECT_CONVERSION = YES_AGGRESSIVE;
				CLANG_CXX_LANGUAGE_STANDARD = "gnu++14";
				CLANG_CXX_LIBRARY = "libc++";
				CLANG_ENABLE_MODULES = YES;
				CLANG_ENABLE_OBJC_ARC = YES;
				CLANG_ENABLE_OBJC_WEAK = YES;
				CLANG_WARN_BLOCK_CAPTURE_AUTORELEASING = YES;
				CLANG_WARN_BOOL_CONVERSION = YES;
				CLANG_WARN_COMMA = YES;
				CLANG_WARN_CONSTANT_CONVERSION = YES;
				CLANG_WARN_DEPRECATED_OBJC_IMPLEMENTATIONS = YES;
				CLANG_WARN_DIRECT_OBJC_ISA_USAGE = YES_ERROR;
				CLANG_WARN_DOCUMENTATION_COMMENTS = YES;
				CLANG_WARN_EMPTY_BODY = YES;
				CLANG_WARN_ENUM_CONVERSION = YES;
				CLANG_WARN_INFINITE_RECURSION = YES;
				CLANG_WARN_INT_CONVERSION = YES;
				CLANG_WARN_NON_LITERAL_NULL_CONVERSION = YES;
				CLANG_WARN_OBJC_IMPLICIT_RETAIN_SELF = YES;
				CLANG_WARN_OBJC_LITERAL_CONVERSION = YES;
				CLANG_WARN_OBJC_ROOT_CLASS = YES_ERROR;
				CLANG_WARN_RANGE_LOOP_ANALYSIS = YES;
				CLANG_WARN_STRICT_PROTOTYPES = YES;
				CLANG_WARN_SUSPICIOUS_MOVE = YES;
				CLANG_WARN_UNGUARDED_AVAILABILITY = YES_AGGRESSIVE;
				CLANG_WARN_UNREACHABLE_CODE = YES;
				CLANG_WARN__DUPLICATE_METHOD_MATCH = YES;
				COPY_PHASE_STRIP = NO;
				DEBUG_INFORMATION_FORMAT = "dwarf-with-dsym";
				ENABLE_NS_ASSERTIONS = NO;
				ENABLE_STRICT_OBJC_MSGSEND = YES;
				GCC_C_LANGUAGE_STANDARD = gnu11;
				GCC_NO_COMMON_BLOCKS = YES;
				GCC_WARN_64_TO_32_BIT_CONVERSION = YES;
				GCC_WARN_ABOUT_RETURN_TYPE = YES_ERROR;
				GCC_WARN_UNDECLARED_SELECTOR = YES;
				GCC_WARN_UNINITIALIZED_AUTOS = YES_AGGRESSIVE;
				GCC_WARN_UNUSED_FUNCTION = YES;
				GCC_WARN_UNUSED_VARIABLE = YES;
				IPHONEOS_DEPLOYMENT_TARGET = 13.7;
				MTL_ENABLE_DEBUG_INFO = NO;
				MTL_FAST_MATH = YES;
				SDKROOT = iphoneos;
				SWIFT_COMPILATION_MODE = wholemodule;
				SWIFT_OPTIMIZATION_LEVEL = "-O";
				VALIDATE_PRODUCT = YES;
			};
			name = Release;
		};
		95EBF4DE250BFF1800887F0C /* Debug */ = {
			isa = XCBuildConfiguration;
			buildSettings = {
				ASSETCATALOG_COMPILER_APPICON_NAME = AppIcon;
				CODE_SIGN_STYLE = Automatic;
				DEVELOPMENT_TEAM = K882HZY272;
				INFOPLIST_FILE = VKDonations/Info.plist;
				IPHONEOS_DEPLOYMENT_TARGET = 11.0;
				LD_RUNPATH_SEARCH_PATHS = (
					"$(inherited)",
					"@executable_path/Frameworks",
				);
				PRODUCT_BUNDLE_IDENTIFIER = hanyakus.VKDonations;
				PRODUCT_NAME = "$(TARGET_NAME)";
				SWIFT_VERSION = 5.0;
				TARGETED_DEVICE_FAMILY = "1,2";
			};
			name = Debug;
		};
		95EBF4DF250BFF1800887F0C /* Release */ = {
			isa = XCBuildConfiguration;
			buildSettings = {
				ASSETCATALOG_COMPILER_APPICON_NAME = AppIcon;
				CODE_SIGN_STYLE = Automatic;
				DEVELOPMENT_TEAM = K882HZY272;
				INFOPLIST_FILE = VKDonations/Info.plist;
				IPHONEOS_DEPLOYMENT_TARGET = 11.0;
				LD_RUNPATH_SEARCH_PATHS = (
					"$(inherited)",
					"@executable_path/Frameworks",
				);
				PRODUCT_BUNDLE_IDENTIFIER = hanyakus.VKDonations;
				PRODUCT_NAME = "$(TARGET_NAME)";
				SWIFT_VERSION = 5.0;
				TARGETED_DEVICE_FAMILY = "1,2";
			};
			name = Release;
		};
/* End XCBuildConfiguration section */

/* Begin XCConfigurationList section */
		95EBF4C4250BFF1400887F0C /* Build configuration list for PBXProject "VKDonations" */ = {
			isa = XCConfigurationList;
			buildConfigurations = (
				95EBF4DB250BFF1800887F0C /* Debug */,
				95EBF4DC250BFF1800887F0C /* Release */,
			);
			defaultConfigurationIsVisible = 0;
			defaultConfigurationName = Release;
		};
		95EBF4DD250BFF1800887F0C /* Build configuration list for PBXNativeTarget "VKDonations" */ = {
			isa = XCConfigurationList;
			buildConfigurations = (
				95EBF4DE250BFF1800887F0C /* Debug */,
				95EBF4DF250BFF1800887F0C /* Release */,
			);
			defaultConfigurationIsVisible = 0;
			defaultConfigurationName = Release;
		};
/* End XCConfigurationList section */

/* Begin XCRemoteSwiftPackageReference section */
		95EBF4E8250C15E900887F0C /* XCRemoteSwiftPackageReference "SnapKit" */ = {
			isa = XCRemoteSwiftPackageReference;
			repositoryURL = "https://github.com/SnapKit/SnapKit";
			requirement = {
				kind = upToNextMajorVersion;
				minimumVersion = 5.0.1;
			};
		};
/* End XCRemoteSwiftPackageReference section */

/* Begin XCSwiftPackageProductDependency section */
		95EBF4E9250C15E900887F0C /* SnapKit */ = {
			isa = XCSwiftPackageProductDependency;
			package = 95EBF4E8250C15E900887F0C /* XCRemoteSwiftPackageReference "SnapKit" */;
			productName = SnapKit;
		};
/* End XCSwiftPackageProductDependency section */
	};
	rootObject = 95EBF4C1250BFF1400887F0C /* Project object */;
}
